
Microsoft Visual Studio Solution File, Format Version 12.00
# Visual Studio Version 17
VisualStudioVersion = 17.14.36811.4 d17.14
MinimumVisualStudioVersion = 10.0.40219.1
Project("{8BC9CEB8-8B4A-11D0-8D11-00A0C91BC942}") = "DX11XTK", "DX11XTK.vcxproj", "{D770663C-A29A-46AD-BF98-CA19CCE0BBE6}"
EndProject
Global
	GlobalSection(SolutionConfigurationPlatforms) = preSolution
		Debug|x64 = Debug|x64
		Release|x64 = Release|x64
	EndGlobalSection
	GlobalSection(ProjectConfigurationPlatforms) = postSolution
		{D770663C-A29A-46AD-BF98-CA19CCE0BBE6}.Debug|x64.ActiveCfg = Debug|x64
		{D770663C-A29A-46AD-BF98-CA19CCE0BBE6}.Debug|x64.Build.0 = Debug|x64
		{D770663C-A29A-46AD-BF98-CA19CCE0BBE6}.Release|x64.ActiveCfg = Release|x64
		{D770663C-A29A-46AD-BF98-CA19CCE0BBE6}.Release|x64.Build.0 = Release|x64
	EndGlobalSection
	GlobalSection(SolutionProperties) = preSolution
		HideSolutionNode = FALSE
	EndGlobalSection
	GlobalSection(ExtensibilityGlobals) = postSolution
		SolutionGuid = {C5D42A5C-A64C-4CA3-9988-74909B186847}
	EndGlobalSection
EndGlobal
